dependencies:
  78/esp-opus:
    component_hash: 8182b733f071d7bfe1e837f4c9f8649a63e4c937177f089e65772880c02f2e17
    dependencies:
    - name: idf
      require: private
      version: '>=5.0'
    source:
      registry_url: https://components.espressif.com/
      type: service
    version: 1.0.5
  espressif/esp_websocket_client:
    component_hash: dc00233af846f3a744ada283a300e0d586040aadc3ee67361645ecdce4523672
    dependencies:
    - name: idf
      require: private
      version: '>=5.0'
    source:
      registry_url: https://components.espressif.com/
      type: service
    version: 1.8.0
  i2s_examples_common:
    dependencies: []
    source:
      path: D:\my\hqyj\ESP32-IDF\v5.5.4\esp-idf\examples\peripherals\i2s\i2s_examples_common
      type: local
    version: '*'
  idf:
    source:
      type: idf
    version: 5.5.4
direct_dependencies:
- 78/esp-opus
- espressif/esp_websocket_client
- i2s_examples_common
manifest_hash: 18e1e7366c10f0ab3e53fceb4a0e9f1c3d44f9ed65d4a7a5226856e013b1e84e
target: esp32s3
version: 2.0.0
